
Microsoft Visual Studio Solution File, Format Version 12.00
# Visual Studio Version 16
VisualStudioVersion = 16.0.31410.357
MinimumVisualStudioVersion = 10.0.40219.1
Project("{FAE04EC0-301F-11D3-BF4B-00C04F79EFBC}") = "HelloApp", "HelloApp\HelloApp.csproj", "{974463BC-73E2-4B8E-A04C-E9691FA0CAB5}"
EndProject
Project("{FAE04EC0-301F-11D3-BF4B-00C04F79EFBC}") = "HelloAppDynamic", "HelloAppDynamic\HelloAppDynamic.csproj", "{B166A1F5-ABD8-4F59-BF29-53A7B7D011A7}"
EndProject
Global
	GlobalSection(SolutionConfigurationPlatforms) = preSolution
		Debug|Any CPU = Debug|Any CPU
		Release|Any CPU = Release|Any CPU
	EndGlobalSection
	GlobalSection(ProjectConfigurationPlatforms) = postSolution
		{974463BC-73E2-4B8E-A04C-E9691FA0CAB5}.Debug|Any CPU.ActiveCfg = Debug|Any CPU
		{974463BC-73E2-4B8E-A04C-E9691FA0CAB5}.Debug|Any CPU.Build.0 = Debug|Any CPU
		{974463BC-73E2-4B8E-A04C-E9691FA0CAB5}.Release|Any CPU.ActiveCfg = Release|Any CPU
		{974463BC-73E2-4B8E-A04C-E9691FA0CAB5}.Release|Any CPU.Build.0 = Release|Any CPU
		{B166A1F5-ABD8-4F59-BF29-53A7B7D011A7}.Debug|Any CPU.ActiveCfg = Debug|Any CPU
		{B166A1F5-ABD8-4F59-BF29-53A7B7D011A7}.Debug|Any CPU.Build.0 = Debug|Any CPU
		{B166A1F5-ABD8-4F59-BF29-53A7B7D011A7}.Release|Any CPU.ActiveCfg = Release|Any CPU
		{B166A1F5-ABD8-4F59-BF29-53A7B7D011A7}.Release|Any CPU.Build.0 = Release|Any CPU
	EndGlobalSection
	GlobalSection(SolutionProperties) = preSolution
		HideSolutionNode = FALSE
	EndGlobalSection
	GlobalSection(ExtensibilityGlobals) = postSolution
		SolutionGuid = {9E2928E0-0923-4620-9CF9-1C03D87E7C34}
	EndGlobalSection
EndGlobal
